
Microsoft Visual Studio Solution File, Format Version 12.00
Project("{FAE04EC0-301F-11D3-BF4B-00C04F79EFBC}") = "ConsoleApplication", "ConsoleApplication\ConsoleApplication.csproj", "{205BE757-B254-4FFF-958D-FC587A1F8421}"
EndProject
Project("{FAE04EC0-301F-11D3-BF4B-00C04F79EFBC}") = "MSTest", "MSTest\MSTest.csproj", "{DFB195F1-B19B-4E3D-AA75-64CBD3195F1F}"
EndProject
Global
	GlobalSection(SolutionConfigurationPlatforms) = preSolution
		Debug|Any CPU = Debug|Any CPU
		Release|Any CPU = Release|Any CPU
	EndGlobalSection
	GlobalSection(ProjectConfigurationPlatforms) = postSolution
		{205BE757-B254-4FFF-958D-FC587A1F8421}.Debug|Any CPU.ActiveCfg = Debug|Any CPU
		{205BE757-B254-4FFF-958D-FC587A1F8421}.Debug|Any CPU.Build.0 = Debug|Any CPU
		{205BE757-B254-4FFF-958D-FC587A1F8421}.Release|Any CPU.ActiveCfg = Release|Any CPU
		{205BE757-B254-4FFF-958D-FC587A1F8421}.Release|Any CPU.Build.0 = Release|Any CPU
		{DFB195F1-B19B-4E3D-AA75-64CBD3195F1F}.Debug|Any CPU.ActiveCfg = Debug|Any CPU
		{DFB195F1-B19B-4E3D-AA75-64CBD3195F1F}.Debug|Any CPU.Build.0 = Debug|Any CPU
		{DFB195F1-B19B-4E3D-AA75-64CBD3195F1F}.Release|Any CPU.ActiveCfg = Release|Any CPU
		{DFB195F1-B19B-4E3D-AA75-64CBD3195F1F}.Release|Any CPU.Build.0 = Release|Any CPU
	EndGlobalSection
EndGlobal
